
Microsoft Visual Studio Solution File, Format Version 12.00
# Visual Studio Version 17
VisualStudioVersion = 17.14.36717.8 d17.14
MinimumVisualStudioVersion = 10.0.40219.1
Project("{FAE04EC0-301F-11D3-BF4B-00C04F79EFBC}") = "Bank.Practice", "Bank.Practice\Bank.Practice.csproj", "{BDE6B174-F6E5-47E2-A2DF-95ACBF0AA9B2}"
EndProject
Project("{FAE04EC0-301F-11D3-BF4B-00C04F79EFBC}") = "Bank.Practice.MSTests", "Bank.Practice.MSTests\Bank.Practice.MSTests.csproj", "{C019257A-6AD7-496F-B73B-8DA03038DD3D}"
EndProject
Global
	GlobalSection(SolutionConfigurationPlatforms) = preSolution
		Debug|Any CPU = Debug|Any CPU
		Release|Any CPU = Release|Any CPU
	EndGlobalSection
	GlobalSection(ProjectConfigurationPlatforms) = postSolution
		{BDE6B174-F6E5-47E2-A2DF-95ACBF0AA9B2}.Debug|Any CPU.ActiveCfg = Debug|Any CPU
		{BDE6B174-F6E5-47E2-A2DF-95ACBF0AA9B2}.Debug|Any CPU.Build.0 = Debug|Any CPU
		{BDE6B174-F6E5-47E2-A2DF-95ACBF0AA9B2}.Release|Any CPU.ActiveCfg = Release|Any CPU
		{BDE6B174-F6E5-47E2-A2DF-95ACBF0AA9B2}.Release|Any CPU.Build.0 = Release|Any CPU
		{C019257A-6AD7-496F-B73B-8DA03038DD3D}.Debug|Any CPU.ActiveCfg = Debug|Any CPU
		{C019257A-6AD7-496F-B73B-8DA03038DD3D}.Debug|Any CPU.Build.0 = Debug|Any CPU
		{C019257A-6AD7-496F-B73B-8DA03038DD3D}.Release|Any CPU.ActiveCfg = Release|Any CPU
		{C019257A-6AD7-496F-B73B-8DA03038DD3D}.Release|Any CPU.Build.0 = Release|Any CPU
	EndGlobalSection
	GlobalSection(SolutionProperties) = preSolution
		HideSolutionNode = FALSE
	EndGlobalSection
	GlobalSection(ExtensibilityGlobals) = postSolution
		SolutionGuid = {87DB7FAE-D08C-4BBF-A23E-F2929055A6CB}
	EndGlobalSection
EndGlobal
